version: 1
checksums:
  bb6cc6b25dbfd61e73fd581124c70824:
    login/remember_me: f11a5802e6256ea247cfafd72b986eee
    login/or_continue_with: 98dc0f39405dd11fe0c0aa79cedd9624
    login/no_account: dd7a3caea6a4c7ba10ae2c0a8e99569e
    login/title: 4bd215ab3ecb4a5e2f6bc361b541e221
    login/subtitle: 13bb95101b0fe78f9fd8e5b40ac2d550
    login/forgot_password: 6daf18357a19d512e7367b11f327b83a
    login/submit: 4bd215ab3ecb4a5e2f6bc361b541e221
    login/create_account: 571f5b5eb31c7dead1703a64b811fff7
  a0e2e101c340126c987f88092faa1358:
    login/email: 739562245502fbe071689ab35a9fac13
    login/password: 8f1fcf658c2afd0ebe82a9a3feed1b69
    login/email_placeholder: 325c8202a735af732323b697bbd92f9d
    login/password_placeholder: 06aa6f3f404fea7e0349d6bd95008a42
    register/email: 739562245502fbe071689ab35a9fac13
    register/password: 8f1fcf658c2afd0ebe82a9a3feed1b69
    register/password_confirmation: b4d25a920bbb477a4c92a8e7d8365f22
    register/email_placeholder: 325c8202a735af732323b697bbd92f9d
    register/password_placeholder: 06aa6f3f404fea7e0349d6bd95008a42
    register/password_confirmation_placeholder: 6866f73f9447d66e0eb09a60a1dee5a8
    information/email/label: 739562245502fbe071689ab35a9fac13
    information/email/placeholder: 325c8202a735af732323b697bbd92f9d
    information/email/not_blank: 656c4882d03c40b25ef18626dc2cdd6c
    information/email/invalid: 792ce9a1d2dfc480e97cfa295de8f4a3
    information/name/label: 1c9c60ce3b6d2d15e07ccc03eaf2e39c
    information/name/placeholder: 4c99639f37be59e8cf661ac8856c8c71
    information/name/not_blank: 531aa86787e703c9a52b4eef2c7870ca
    information/lastname/label: 5fd95dfdbd4a427675cd28fa53c63cf1
    information/lastname/placeholder: 3dd4f5dd5cf417bb6922a390e7a4df15
    information/lastname/not_blank: 7743f60498754c67ea7034cac8667af4
    information/phone/label: f22f1825792f4ee9d3aa3fa027482866
    information/phone/placeholder: 10a3e5ab4c29a141676b65e050afe9f5
    information/phone/not_blank: 8ade988a11fa65c1cad621a5cd159bf2
    information/company/label: 1b4b6f83e3f2260ccb0177125969be11
    information/company/placeholder: 506d8ac885c7b5c3433990c3e56b529a
  3a4f71bf47ca2d7d9a00f51b7a0c46f0:
    login/remember_me: ebcfd76ccfb13b0e26fc2187d12e83f3
    login/or_continue_with: cb699c6b9f7ef1711116e1a1649bb02d
    login/no_account: f557a4a35d4c0b5a6cd3e08909a6ae82
    login/title: 2e20d9f50f715ea1d717c992f920d991
    login/subtitle: 3bd3e2461acf8fe8ece107ed12fe34d1
    login/forgot_password: fbf9d0b6d9aa9cbfaeb62fd12ef29683
    login/submit: 2e20d9f50f715ea1d717c992f920d991
    login/create_account: 310a1ae3d86a280f6d72199e46091c70
  8d9e500320a9a457c5b441814800d967:
    login/email: d8ea82fe33ace4993d4f5ecf07c03971
    login/password: dd7671ea8aa98b0593fe728695a96fc0
    login/email_placeholder: feefd25fd70e845bd983765cfd48b6a7
    login/password_placeholder: 37538f0287277d69cc73e46a4a659ffc
    register/email: d8ea82fe33ace4993d4f5ecf07c03971
    register/password: dd7671ea8aa98b0593fe728695a96fc0
    register/password_confirmation: 8760105fec8913767d2710bced5c98d7
    register/email_placeholder: feefd25fd70e845bd983765cfd48b6a7
    register/password_placeholder: 37538f0287277d69cc73e46a4a659ffc
    register/password_confirmation_placeholder: 8760105fec8913767d2710bced5c98d7
    information/email/label: b4282b82e8e6a2ce4144ab02bb2ae9ac
    information/email/placeholder: 999bb49ce089d3f1c8223993ef18a83a
    information/email/not_blank: aee2ec24fa4908e690d4f2849dbd70ed
    information/email/invalid: 9a09a9b0d25f440682bd8eb3dc12eaa0
    information/name/label: 10f47fdbffb10a81e079ae4b2048a7d9
    information/name/placeholder: 6cac77489067208225b36ca6064c2043
    information/name/not_blank: b92e351938c6f78a3ab18c746d05247e
    information/lastname/label: 172074499d517ff0350a5172a842b038
    information/lastname/placeholder: a802e31498908582ecfe71c998ad65df
    information/lastname/not_blank: 168b5e42411836251e66870e3fe7701e
    information/phone/label: e54d738cb73f277858d838f87d04404c
    information/phone/placeholder: 4060f0c7ca0931202179d4ce669e9606
    information/phone/not_blank: d5b9f517deeca360d8cb7f8f94e6f0b5
    information/company/label: 3a24e99c38d74c52ad361a904a0672c8
    information/company/placeholder: a55e1d40513a5b70e171a393dd2050b2
  dfc8028a298d975aa6cd545153da126d:
    register/title: 310a1ae3d86a280f6d72199e46091c70
    register/subtitle: 90453e706b0e616c9595a43ee9b3fe6d
    register/already_account: 62359b1e465c640b9d0b2b5ba5b170ab
    register/login: 62d931ee6acd6124a9fb289f4162bb94
    register/submit: 209e8023e7cb5ffd2fe2507d627a5123
    registration_email/subject: 22126a21640e12f53296bb5ac123a80f
    registration_email/title: 65ce491c5da6a094461a37f5f5a15bd9
    registration_email/hello: f78946e861724e0f5930d96c53eb3cac
    registration_email/description: 0bba94d49c99cc25f7439128294a18c8
    registration_email/button: be4844b4e1a2070fbad3ce553dc09ea5
    registration_email/expiration_title: 37bfee87af3bfc2ee6d69e183d1400fc
    registration_email/expiration: cc49a9c07783fe19a52d199342f2ed8c
    registration_email/ignore: b7cda19fe595220dc698640584d11f9e
    registration_email/footer: 6beb3210dd9446a9205352fbd0d9b807
    app/name: 2186c5ffec367c02c653df80963c60fd
    app/logo_1: cb98351050fe4195e8e0a8aa8b1a893a
    app/logo_2: 05f77eb2146be356b9be9336321acad8
    profile/complete/title: 66170a62944029f765dd7c916d144ba2
    profile/complete/subtitle: 5672c471db921749c3b609cae5ed021f
    profile/complete/submit: a32771b92e39b6740cda146fceb687a4
  04f2a5e65c11942f2e9b53dbf2c47c29:
    errors/email_not_blank: 58adc58fb3f9867714edbf90f5cc14c9
    errors/email_invalid: 8c0de39a6758e9929247f5760e102827
    errors/password_not_blank: 1859ed51bad4a6054adf9cf6c065b9ba
    errors/password_mismatch: b30e198f0163f07bffe63a50dfd865d4
    errors/password_invalid: 5e08fe5fdbb780ff02a6b73153257649
    errors/password_too_short: 844a95d69dac7fbf947e8b7921a10b7e
    errors/phone_invalid: 9acaca4829f7ef8ad0c173c9652c0558
    errors/suspended_account: ac9b86395b7afd36cbd770c728a4e0da
    errors/pending_account: 6e4b2ed31af3d066921dcf2a3c8c0d20
    errors/declined_account: d1c1984b8a7d3ac1fa8045bdec73be7d
    flash/info_email: 6eb32288e81aeec2f0af2e7a7fd30681
    flash/error_email: 0dd3456bc47fe9d9170d5b15bfb63f13
    flash/error_not_verified: 74170108cdfa679afd9fdae4402a8492
  76f42b33693f88214dd91abba6e36666:
    register/title: 310a1ae3d86a280f6d72199e46091c70
    register/subtitle: 90453e706b0e616c9595a43ee9b3fe6d
    register/already_account: 62359b1e465c640b9d0b2b5ba5b170ab
    register/login: 62d931ee6acd6124a9fb289f4162bb94
    register/submit: 209e8023e7cb5ffd2fe2507d627a5123
    registration_email/subject: 22126a21640e12f53296bb5ac123a80f
    registration_email/title: 65ce491c5da6a094461a37f5f5a15bd9
    registration_email/hello: f78946e861724e0f5930d96c53eb3cac
    registration_email/description: 0bba94d49c99cc25f7439128294a18c8
    registration_email/button: be4844b4e1a2070fbad3ce553dc09ea5
    registration_email/expiration_title: 37bfee87af3bfc2ee6d69e183d1400fc
    registration_email/expiration: cc49a9c07783fe19a52d199342f2ed8c
    registration_email/ignore: b7cda19fe595220dc698640584d11f9e
    registration_email/footer: 6beb3210dd9446a9205352fbd0d9b807
    app/name: 2186c5ffec367c02c653df80963c60fd
    app/logo_1: cb98351050fe4195e8e0a8aa8b1a893a
    app/logo_2: 05f77eb2146be356b9be9336321acad8
    profile/complete/title: 66170a62944029f765dd7c916d144ba2
    profile/complete/subtitle: 5672c471db921749c3b609cae5ed021f
    profile/complete/submit: a32771b92e39b6740cda146fceb687a4
  973a0f409dc5fe0f86172cdffaacab1b:
    login/email: d8ea82fe33ace4993d4f5ecf07c03971
    login/password: dd7671ea8aa98b0593fe728695a96fc0
    login/email_placeholder: feefd25fd70e845bd983765cfd48b6a7
    login/password_placeholder: 37538f0287277d69cc73e46a4a659ffc
    register/email: d8ea82fe33ace4993d4f5ecf07c03971
    register/password: dd7671ea8aa98b0593fe728695a96fc0
    register/password_confirmation: 8760105fec8913767d2710bced5c98d7
    register/email_placeholder: feefd25fd70e845bd983765cfd48b6a7
    register/password_placeholder: 37538f0287277d69cc73e46a4a659ffc
    register/password_confirmation_placeholder: 8760105fec8913767d2710bced5c98d7
    information/email/label: b4282b82e8e6a2ce4144ab02bb2ae9ac
    information/email/placeholder: 999bb49ce089d3f1c8223993ef18a83a
    information/email/not_blank: aee2ec24fa4908e690d4f2849dbd70ed
    information/email/invalid: 9a09a9b0d25f440682bd8eb3dc12eaa0
    information/name/label: 10f47fdbffb10a81e079ae4b2048a7d9
    information/name/placeholder: 6cac77489067208225b36ca6064c2043
    information/name/not_blank: b92e351938c6f78a3ab18c746d05247e
    information/lastname/label: 172074499d517ff0350a5172a842b038
    information/lastname/placeholder: a802e31498908582ecfe71c998ad65df
    information/lastname/not_blank: 168b5e42411836251e66870e3fe7701e
    information/phone/label: e54d738cb73f277858d838f87d04404c
    information/phone/placeholder: 4060f0c7ca0931202179d4ce669e9606
    information/phone/not_blank: d5b9f517deeca360d8cb7f8f94e6f0b5
    information/company/label: 3a24e99c38d74c52ad361a904a0672c8
    information/company/placeholder: a55e1d40513a5b70e171a393dd2050b2
  198503a3a6accd483058522e6388d866:
    errors/email_not_blank: 58adc58fb3f9867714edbf90f5cc14c9
    errors/email_invalid: 8c0de39a6758e9929247f5760e102827
    errors/password_not_blank: 1859ed51bad4a6054adf9cf6c065b9ba
    errors/password_mismatch: b30e198f0163f07bffe63a50dfd865d4
    errors/password_invalid: 5e08fe5fdbb780ff02a6b73153257649
    errors/password_too_short: 844a95d69dac7fbf947e8b7921a10b7e
    errors/phone_invalid: 9acaca4829f7ef8ad0c173c9652c0558
    errors/suspended_account: ac9b86395b7afd36cbd770c728a4e0da
    errors/pending_account: 6e4b2ed31af3d066921dcf2a3c8c0d20
    errors/declined_account: d1c1984b8a7d3ac1fa8045bdec73be7d
    flash/info_email: 6eb32288e81aeec2f0af2e7a7fd30681
    flash/error_email: 0dd3456bc47fe9d9170d5b15bfb63f13
    flash/error_not_verified: 74170108cdfa679afd9fdae4402a8492
  d826993a3aa8b90f64180137ffc6486e:
    login/remember_me: ebcfd76ccfb13b0e26fc2187d12e83f3
    login/or_continue_with: cb699c6b9f7ef1711116e1a1649bb02d
    login/no_account: f557a4a35d4c0b5a6cd3e08909a6ae82
    login/title: 2e20d9f50f715ea1d717c992f920d991
    login/subtitle: 3bd3e2461acf8fe8ece107ed12fe34d1
    login/forgot_password: fbf9d0b6d9aa9cbfaeb62fd12ef29683
    login/submit: 2e20d9f50f715ea1d717c992f920d991
    login/create_account: 310a1ae3d86a280f6d72199e46091c70
