version: 1
checksums:
  bb6cc6b25dbfd61e73fd581124c70824:
    login/remember_me: f11a5802e6256ea247cfafd72b986eee
    login/or_continue_with: 98dc0f39405dd11fe0c0aa79cedd9624
    login/no_account: dd7a3caea6a4c7ba10ae2c0a8e99569e
    login/title: 4bd215ab3ecb4a5e2f6bc361b541e221
    login/subtitle: 13bb95101b0fe78f9fd8e5b40ac2d550
    login/forgot_password: 6daf18357a19d512e7367b11f327b83a
    login/submit: 4bd215ab3ecb4a5e2f6bc361b541e221
    login/create_account: 571f5b5eb31c7dead1703a64b811fff7
  a0e2e101c340126c987f88092faa1358:
    login/email: 739562245502fbe071689ab35a9fac13
    login/password: 8f1fcf658c2afd0ebe82a9a3feed1b69
    login/email_placeholder: 325c8202a735af732323b697bbd92f9d
    login/password_placeholder: 06aa6f3f404fea7e0349d6bd95008a42
    register/email: 739562245502fbe071689ab35a9fac13
    register/password: 8f1fcf658c2afd0ebe82a9a3feed1b69
    register/password_confirmation: b4d25a920bbb477a4c92a8e7d8365f22
    register/email_placeholder: 325c8202a735af732323b697bbd92f9d
    register/password_placeholder: 06aa6f3f404fea7e0349d6bd95008a42
    register/password_confirmation_placeholder: 6866f73f9447d66e0eb09a60a1dee5a8
    information/email/label: 739562245502fbe071689ab35a9fac13
    information/email/placeholder: 325c8202a735af732323b697bbd92f9d
    information/email/not_blank: 656c4882d03c40b25ef18626dc2cdd6c
    information/email/invalid: 792ce9a1d2dfc480e97cfa295de8f4a3
    information/name/label: 1c9c60ce3b6d2d15e07ccc03eaf2e39c
    information/name/placeholder: 4c99639f37be59e8cf661ac8856c8c71
    information/name/not_blank: 531aa86787e703c9a52b4eef2c7870ca
    information/lastname/label: 5fd95dfdbd4a427675cd28fa53c63cf1
    information/lastname/placeholder: 3dd4f5dd5cf417bb6922a390e7a4df15
    information/lastname/not_blank: 7743f60498754c67ea7034cac8667af4
    information/phone/label: f22f1825792f4ee9d3aa3fa027482866
    information/phone/placeholder: 10a3e5ab4c29a141676b65e050afe9f5
    information/phone/not_blank: 8ade988a11fa65c1cad621a5cd159bf2
    information/company/label: 1b4b6f83e3f2260ccb0177125969be11
    information/company/placeholder: 506d8ac885c7b5c3433990c3e56b529a
  3a4f71bf47ca2d7d9a00f51b7a0c46f0:
    login/remember_me: ebcfd76ccfb13b0e26fc2187d12e83f3
    login/or_continue_with: cb699c6b9f7ef1711116e1a1649bb02d
    login/no_account: f557a4a35d4c0b5a6cd3e08909a6ae82
    login/title: 2e20d9f50f715ea1d717c992f920d991
    login/subtitle: 3bd3e2461acf8fe8ece107ed12fe34d1
    login/forgot_password: fbf9d0b6d9aa9cbfaeb62fd12ef29683
    login/submit: 2e20d9f50f715ea1d717c992f920d991
    login/create_account: 310a1ae3d86a280f6d72199e46091c70
  8d9e500320a9a457c5b441814800d967:
    login/email: d8ea82fe33ace4993d4f5ecf07c03971
    login/password: dd7671ea8aa98b0593fe728695a96fc0
    login/email_placeholder: feefd25fd70e845bd983765cfd48b6a7
    login/password_placeholder: 37538f0287277d69cc73e46a4a659ffc
    register/email: d8ea82fe33ace4993d4f5ecf07c03971
    register/password: dd7671ea8aa98b0593fe728695a96fc0
    register/password_confirmation: 8760105fec8913767d2710bced5c98d7
    register/email_placeholder: feefd25fd70e845bd983765cfd48b6a7
    register/password_placeholder: 37538f0287277d69cc73e46a4a659ffc
    register/password_confirmation_placeholder: 8760105fec8913767d2710bced5c98d7
    information/email/label: b4282b82e8e6a2ce4144ab02bb2ae9ac
    information/email/placeholder: 999bb49ce089d3f1c8223993ef18a83a
    information/email/not_blank: aee2ec24fa4908e690d4f2849dbd70ed
    information/email/invalid: 9a09a9b0d25f440682bd8eb3dc12eaa0
    information/name/label: 10f47fdbffb10a81e079ae4b2048a7d9
    information/name/placeholder: 6cac77489067208225b36ca6064c2043
    information/name/not_blank: b92e351938c6f78a3ab18c746d05247e
    information/lastname/label: 172074499d517ff0350a5172a842b038
    information/lastname/placeholder: a802e31498908582ecfe71c998ad65df
    information/lastname/not_blank: 168b5e42411836251e66870e3fe7701e
    information/phone/label: e54d738cb73f277858d838f87d04404c
    information/phone/placeholder: 4060f0c7ca0931202179d4ce669e9606
    information/phone/not_blank: d5b9f517deeca360d8cb7f8f94e6f0b5
    information/company/label: 3a24e99c38d74c52ad361a904a0672c8
    information/company/placeholder: a55e1d40513a5b70e171a393dd2050b2
  dfc8028a298d975aa6cd545153da126d:
    register/title: 310a1ae3d86a280f6d72199e46091c70
    register/subtitle: 90453e706b0e616c9595a43ee9b3fe6d
    register/already_account: 62359b1e465c640b9d0b2b5ba5b170ab
    register/login: 62d931ee6acd6124a9fb289f4162bb94
    register/submit: 209e8023e7cb5ffd2fe2507d627a5123
    app/name: 2186c5ffec367c02c653df80963c60fd
    app/logo_1: cb98351050fe4195e8e0a8aa8b1a893a
    app/logo_2: 05f77eb2146be356b9be9336321acad8
    profile/complete/title: 66170a62944029f765dd7c916d144ba2
    profile/complete/subtitle: 5672c471db921749c3b609cae5ed021f
    profile/complete/submit: a32771b92e39b6740cda146fceb687a4
  04f2a5e65c11942f2e9b53dbf2c47c29:
    errors/email_not_blank: 58adc58fb3f9867714edbf90f5cc14c9
    errors/email_invalid: 8c0de39a6758e9929247f5760e102827
    errors/password_not_blank: 1859ed51bad4a6054adf9cf6c065b9ba
    errors/password_mismatch: b30e198f0163f07bffe63a50dfd865d4
    errors/password_invalid: 5e08fe5fdbb780ff02a6b73153257649
    errors/password_too_short: 844a95d69dac7fbf947e8b7921a10b7e
    errors/phone_invalid: 9acaca4829f7ef8ad0c173c9652c0558
    errors/suspended_account: ac9b86395b7afd36cbd770c728a4e0da
    errors/pending_account: 6e4b2ed31af3d066921dcf2a3c8c0d20
    errors/declined_account: d1c1984b8a7d3ac1fa8045bdec73be7d
    flash/info_email: 6eb32288e81aeec2f0af2e7a7fd30681
    flash/error_email: 0dd3456bc47fe9d9170d5b15bfb63f13
    flash/error_not_verified: 74170108cdfa679afd9fdae4402a8492
  76f42b33693f88214dd91abba6e36666:
    register/title: 310a1ae3d86a280f6d72199e46091c70
    register/subtitle: 90453e706b0e616c9595a43ee9b3fe6d
    register/already_account: 62359b1e465c640b9d0b2b5ba5b170ab
    register/login: 62d931ee6acd6124a9fb289f4162bb94
    register/submit: 209e8023e7cb5ffd2fe2507d627a5123
    app/name: 2186c5ffec367c02c653df80963c60fd
    app/logo_1: cb98351050fe4195e8e0a8aa8b1a893a
    app/logo_2: 05f77eb2146be356b9be9336321acad8
    profile/complete/title: 66170a62944029f765dd7c916d144ba2
    profile/complete/subtitle: 5672c471db921749c3b609cae5ed021f
    profile/complete/submit: a32771b92e39b6740cda146fceb687a4
  973a0f409dc5fe0f86172cdffaacab1b:
    login/email: d8ea82fe33ace4993d4f5ecf07c03971
    login/password: dd7671ea8aa98b0593fe728695a96fc0
    login/email_placeholder: feefd25fd70e845bd983765cfd48b6a7
    login/password_placeholder: 37538f0287277d69cc73e46a4a659ffc
    register/email: d8ea82fe33ace4993d4f5ecf07c03971
    register/password: dd7671ea8aa98b0593fe728695a96fc0
    register/password_confirmation: 8760105fec8913767d2710bced5c98d7
    register/email_placeholder: feefd25fd70e845bd983765cfd48b6a7
    register/password_placeholder: 37538f0287277d69cc73e46a4a659ffc
    register/password_confirmation_placeholder: 8760105fec8913767d2710bced5c98d7
    information/email/label: b4282b82e8e6a2ce4144ab02bb2ae9ac
    information/email/placeholder: 999bb49ce089d3f1c8223993ef18a83a
    information/email/not_blank: aee2ec24fa4908e690d4f2849dbd70ed
    information/email/invalid: 9a09a9b0d25f440682bd8eb3dc12eaa0
    information/name/label: 10f47fdbffb10a81e079ae4b2048a7d9
    information/name/placeholder: 6cac77489067208225b36ca6064c2043
    information/name/not_blank: b92e351938c6f78a3ab18c746d05247e
    information/lastname/label: 172074499d517ff0350a5172a842b038
    information/lastname/placeholder: a802e31498908582ecfe71c998ad65df
    information/lastname/not_blank: 168b5e42411836251e66870e3fe7701e
    information/phone/label: e54d738cb73f277858d838f87d04404c
    information/phone/placeholder: 4060f0c7ca0931202179d4ce669e9606
    information/phone/not_blank: d5b9f517deeca360d8cb7f8f94e6f0b5
    information/company/label: 3a24e99c38d74c52ad361a904a0672c8
    information/company/placeholder: a55e1d40513a5b70e171a393dd2050b2
  198503a3a6accd483058522e6388d866:
    errors/email_not_blank: 58adc58fb3f9867714edbf90f5cc14c9
    errors/email_invalid: 8c0de39a6758e9929247f5760e102827
    errors/password_not_blank: 1859ed51bad4a6054adf9cf6c065b9ba
    errors/password_mismatch: b30e198f0163f07bffe63a50dfd865d4
    errors/password_invalid: 5e08fe5fdbb780ff02a6b73153257649
    errors/password_too_short: 844a95d69dac7fbf947e8b7921a10b7e
    errors/phone_invalid: 9acaca4829f7ef8ad0c173c9652c0558
    errors/suspended_account: ac9b86395b7afd36cbd770c728a4e0da
    errors/pending_account: 6e4b2ed31af3d066921dcf2a3c8c0d20
    errors/declined_account: d1c1984b8a7d3ac1fa8045bdec73be7d
    flash/info_email: 6eb32288e81aeec2f0af2e7a7fd30681
    flash/error_email: 0dd3456bc47fe9d9170d5b15bfb63f13
    flash/error_not_verified: 74170108cdfa679afd9fdae4402a8492
  d826993a3aa8b90f64180137ffc6486e:
    login/remember_me: ebcfd76ccfb13b0e26fc2187d12e83f3
    login/or_continue_with: cb699c6b9f7ef1711116e1a1649bb02d
    login/no_account: f557a4a35d4c0b5a6cd3e08909a6ae82
    login/title: 2e20d9f50f715ea1d717c992f920d991
    login/subtitle: 3bd3e2461acf8fe8ece107ed12fe34d1
    login/forgot_password: fbf9d0b6d9aa9cbfaeb62fd12ef29683
    login/submit: 2e20d9f50f715ea1d717c992f920d991
    login/create_account: 310a1ae3d86a280f6d72199e46091c70
  541123016bb120bd80db0e3890deb731:
    page/title: 56ba73a2ce4934e015b1108d4b3f94a9
    page/heading: 56ba73a2ce4934e015b1108d4b3f94a9
    page/description: d2ec2f8176336cfc5761b8a4066c2c44
    header/badge: 7ad4a84d323e45d591e5a5cc3a1bfbea
    section/current_status: ab89700506138b83f77ef3cd9b9f469d
    remaining_time/before_checkout: 52d9079a1e6e08ac5209147fa3e9116e
    booking/start: 1a45315514d2d3654b6af5f718904980
    booking/end: 5e8ebe4701e14b8a75e45ec886004d02
    booking/checked_in_at: f805ba90f7e63db0d71b19ef6b76282d
    booking/checked_out_at: 94babd1a9ad5f8ffc31f855a0e6e80de
    booking/not_recorded: 4aef410958c0e337b7d425a465c802b5
    status/checked_in/label: aed0f702291dbb28660cd88a232fc226
    status/checked_in/message: 7f7b63d68b80544d2b0df20b15cf2329
    status/checked_out/label: 5afb114da5515a451c1815b02bfe18d9
    status/checked_out/message: df9b235339b60746a096a39f24d4f1cb
    status/checked_in_waiting_checkout/label: 0e78ebba88abe61e1a98c6076562e27f
    status/checked_in_waiting_checkout/message: 67de891d48b1576d7ce18333a5c947e2
    status/checked_in_waiting_checkout/message_with_remaining_time: 4794690344257d07bc96b49111107af6
    status/waiting_check_in/label: e85ddd8665a4a6eccbcd41aebdbc3258
    status/waiting_check_in/message: c884783732ce133133163630f5534631
    status/waiting_check_out/label: 020258329c417d79c76397a913b7b926
    status/waiting_check_out/message: 911d890c1f7804b5b6b5385c5da5e320
    status/already_done/label: 52b206d579f3772a796046458d1c9823
    status/already_done/message: a140dd77e75c1d49471c7432abb31e85
    status/outside_window/label: 361fbe840ec4b2ecb28860593af38ba6
    status/outside_window/message: 68396eb42e4700da1166b87cfd2b593d
    status/no_booking/label: e4850b22322f87094ae1cb0f2c55264f
    status/no_booking/message: b716d67a26b7002817500983d5cc43d5
    status/unknown/label: 137b0496fc94e841018034d1bd637efd
    status/unknown/message: c23b6eaf7452668af199229f15f1ec35
  dda8211c02efcf7ce2cfd0d1650c950c:
    account/dashboard/title: 3e6b9b4312e65214e016eaa5b3c7fc0b
    account/dashboard/booking_list: 699c209221cbe5cfcd277fbe5b6b1628
    account/dashboard/booking_list_subtitle: a49c0a33b21e2a9b47b26ebe27b96c3c
    account/dashboard/skip_to_content: eb16ae6461baa46f5ea8c2336f8dd8d6
    account/dashboard/book_now: 828e90648c46db082c109c3f96f7f6f6
    account/dashboard/new_booking: 6d6f7baba45429789780ebbb8e8f141a
    account/dashboard/no_booking_title: 3b93cf409679034ba4385bbb1f9966bc
    account/dashboard/no_booking_text: 710804de13475dffa13273109c09e06c
    account/dashboard/booking: 7ad4a84d323e45d591e5a5cc3a1bfbea
    account/dashboard/location_unavailable: 6ed430854f6289cdd629c025c8159c82
    account/dashboard/guests: 9bf94bfce31c803272ffde499fafc205
    account/dashboard/stay_period: cb7ab1905dd2391ba2dec1b1ad64151d
    account/dashboard/from: ab3d800caf906c589a569920ff41496b
    account/dashboard/to: bf64ab0e801f06322aa356699cb2cd89
    account/dashboard/full_day: 1cebdf22bd1e03ca748875dc3eec2a20
    account/dashboard/partial_day: ae98ec930390bfa5d8be2d46c1a01589
    account/dashboard/equipment_count: 07c89aea15fcd5214fcae09ebc222cbd
    account/dashboard/booking_pending_title: f362fa1c71d3bb2d1cd277c43d704bcf
    account/dashboard/booking_pending_text: 18a8791c7e00751c50d64a025baa7b8a
    account/dashboard/booking_approved_title: 4a8880913a8c7f1a02ae282c8d295b0b
    account/dashboard/booking_approved_text: 50640725f518a7904386cf76c14656ee
    account/dashboard/booking_cancelled_title: 1400801dd473ca3392c773ec619c65f5
    account/dashboard/payment_confirmed_title: 4f699b50cd94b22415f0e2a7182b2530
    account/dashboard/payment_confirmed_text: c9fbf9c737c259f9a639c080770b722d
    account/dashboard/total_price: 9f1fb1874dc22fddf03122752fe8341b
    account/dashboard/including_equipment: 8acfbdbfb9a9d837da232ea2702a6d66
    account/dashboard/booking_price: 687ced2ff7634b921c67ea32ec0ebd82
    account/dashboard/price_summary: 5a3ca1765f27ddfb189db00813d67add
    account/dashboard/total: f60dc0a14e9b1bace656c644de25de5b
    account/dashboard/view_details: e5bf6609157307f12dc29b8e58e8be30
    account/dashboard/pay_now: 99aa250c2193d059c59d7e964aa14ac1
    account/dashboard/proceed_to_payment: 5b44ca3d360d89377f8ed2c046f236b4
    account/dashboard/payment_completed: 4005b67d5e62b0a3449707b4215fedab
    account/dashboard/close: e2331ecf9ad1fa6cbd8d3fb0b16c3a27
    account/dashboard/booking_information: 4b9f06c0a94805318788e83b5d5864e2
    account/dashboard/status: a5589b2aaa813484df6442da30d7da1b
    account/dashboard/number_of_people: 1eaa9799a0befe562064ad441e08ea27
    account/dashboard/start_date: f10d7ce09d91d1fe25f1dda8ad4477d6
    account/dashboard/end_date: 1785f2dc9d4f52fb29b60124fd1bee4b
    account/dashboard/booking_type: 73370ff7ddfb69eab7f1f8720a532d8d
    account/dashboard/created_date: 2e53a800282b3b97c722f68231ab3bc0
    account/dashboard/reserved_equipment: 8a1d64c275d0bcf5bbb9ebba0d4206a7
    account/dashboard/no_reserved_equipment: 5d2774c4c0dfa1feea466776e2e0d002
    account/dashboard/equipment: e4258a0eda0735d38f60ed3d4f725e74
    account/dashboard/quantity: 0b7863abdb351dcaef21b3fedb5c6048
    account/dashboard/unit_price: bd1ccef9c1789db432e54f740d8f423b
